
Microsoft Visual Studio Solution File, Format Version 12.00
# Visual Studio Version 17
VisualStudioVersion = 17.9.34728.123
MinimumVisualStudioVersion = 10.0.40219.1
Project("{FAE04EC0-301F-11D3-BF4B-00C04F79EFBC}") = "Fibonacci", "Fibonacci\Fibonacci.csproj", "{6CDAE316-6A35-40A8-B70B-19B5EBB75964}"
EndProject
Global
	GlobalSection(SolutionConfigurationPlatforms) = preSolution
		Debug|Any CPU = Debug|Any CPU
		Release|Any CPU = Release|Any CPU
	EndGlobalSection
	GlobalSection(ProjectConfigurationPlatforms) = postSolution
		{6CDAE316-6A35-40A8-B70B-19B5EBB75964}.Debug|Any CPU.ActiveCfg = Debug|Any CPU
		{6CDAE316-6A35-40A8-B70B-19B5EBB75964}.Debug|Any CPU.Build.0 = Debug|Any CPU
		{6CDAE316-6A35-40A8-B70B-19B5EBB75964}.Release|Any CPU.ActiveCfg = Release|Any CPU
		{6CDAE316-6A35-40A8-B70B-19B5EBB75964}.Release|Any CPU.Build.0 = Release|Any CPU
	EndGlobalSection
	GlobalSection(SolutionProperties) = preSolution
		HideSolutionNode = FALSE
	EndGlobalSection
	GlobalSection(ExtensibilityGlobals) = postSolution
		SolutionGuid = {C15F50C6-FB4F-4988-AEF8-9542D29BB7BE}
	EndGlobalSection
EndGlobal
